// !$*UTF8*$!
{
	archiveVersion = 1;
	classes = {
	};
	objectVersion = 46;
	objects = {

/* Begin PBXBuildFile section */
		9E69F287188E84C7005706AD /* README.md in Resources */ = {isa = PBXBuildFile; fileRef = 9E69F281188E84C7005706AD /* README.md */; };
		9E69F288188E84C7005706AD /* release_notes.md in Resources */ = {isa = PBXBuildFile; fileRef = 9E69F282188E84C7005706AD /* release_notes.md */; };
		C3950F6B188EA0A2002D73DD /* libTestFlight.a in Frameworks */ = {isa = PBXBuildFile; fileRef = 9E69F280188E84C7005706AD /* libTestFlight.a */; };
		C3950F6C188EA0A8002D73DD /* libEstimoteSDK.a in Frameworks */ = {isa = PBXBuildFile; fileRef = E17C99A018510F0100B0D0F0 /* libEstimoteSDK.a */; };
		C3F69F0D1889773600D09948 /* Storyboard.storyboard in Resources */ = {isa = PBXBuildFile; fileRef = C3F69F0C1889773600D09948 /* Storyboard.storyboard */; };
		C3F69F18188988BB00D09948 /* address.png in Resources */ = {isa = PBXBuildFile; fileRef = C3F69F0F188988BB00D09948 /* address.png */; };
		C3F69F19188988BB00D09948 /* advert.png in Resources */ = {isa = PBXBuildFile; fileRef = C3F69F10188988BB00D09948 /* advert.png */; };
		C3F69F1A188988BB00D09948 /* battery.png in Resources */ = {isa = PBXBuildFile; fileRef = C3F69F11188988BB00D09948 /* battery.png */; };
		C3F69F1B188988BB00D09948 /* firm.png in Resources */ = {isa = PBXBuildFile; fileRef = C3F69F12188988BB00D09948 /* firm.png */; };
		C3F69F1D188988BB00D09948 /* hardware.png in Resources */ = {isa = PBXBuildFile; fileRef = C3F69F14188988BB00D09948 /* hardware.png */; };
		C3F69F1E188988BB00D09948 /* major.png in Resources */ = {isa = PBXBuildFile; fileRef = C3F69F15188988BB00D09948 /* major.png */; };
		C3F69F1F188988BB00D09948 /* power.png in Resources */ = {isa = PBXBuildFile; fileRef = C3F69F16188988BB00D09948 /* power.png */; };
		C3F69F20188988BB00D09948 /* rssi.png in Resources */ = {isa = PBXBuildFile; fileRef = C3F69F17188988BB00D09948 /* rssi.png */; };
		C3F69F24188D319800D09948 /* Default@2x.png in Resources */ = {isa = PBXBuildFile; fileRef = C3F69F23188D319800D09948 /* Default@2x.png */; };
		E10877AD1833D08100ECD3B3 /* EEPowerLevelViewController.m in Sources */ = {isa = PBXBuildFile; fileRef = E10877AC1833D08100ECD3B3 /* EEPowerLevelViewController.m */; };
		E10877B21833DECE00ECD3B3 /* EEProximityView.m in Sources */ = {isa = PBXBuildFile; fileRef = E10877B11833DECE00ECD3B3 /* EEProximityView.m */; };
		E1F1247D18338F2700BE137D /* Foundation.framework in Frameworks */ = {isa = PBXBuildFile; fileRef = E1F1247C18338F2700BE137D /* Foundation.framework */; };
		E1F1247F18338F2700BE137D /* CoreGraphics.framework in Frameworks */ = {isa = PBXBuildFile; fileRef = E1F1247E18338F2700BE137D /* CoreGraphics.framework */; };
		E1F1248118338F2700BE137D /* UIKit.framework in Frameworks */ = {isa = PBXBuildFile; fileRef = E1F1248018338F2700BE137D /* UIKit.framework */; };
		E1F1248718338F2700BE137D /* InfoPlist.strings in Resources */ = {isa = PBXBuildFile; fileRef = E1F1248518338F2700BE137D /* InfoPlist.strings */; };
		E1F1248918338F2700BE137D /* main.m in Sources */ = {isa = PBXBuildFile; fileRef = E1F1248818338F2700BE137D /* main.m */; };
		E1F1248D18338F2700BE137D /* EEAppDelegate.m in Sources */ = {isa = PBXBuildFile; fileRef = E1F1248C18338F2700BE137D /* EEAppDelegate.m */; };
		E1F1248F18338F2700BE137D /* Images.xcassets in Resources */ = {isa = PBXBuildFile; fileRef = E1F1248E18338F2700BE137D /* Images.xcassets */; };
		E1F124AF18338F6F00BE137D /* EETableViewController.m in Sources */ = {isa = PBXBuildFile; fileRef = E1F124AE18338F6F00BE137D /* EETableViewController.m */; };
		E1F124B91833913300BE137D /* CoreLocation.framework in Frameworks */ = {isa = PBXBuildFile; fileRef = E1F124B81833913300BE137D /* CoreLocation.framework */; };
		E1F124BB1833914100BE137D /* SystemConfiguration.framework in Frameworks */ = {isa = PBXBuildFile; fileRef = E1F124BA1833914100BE137D /* SystemConfiguration.framework */; };
		E1F124C0183392C600BE137D /* EEDetailViewController.m in Sources */ = {isa = PBXBuildFile; fileRef = E1F124BE183392C600BE137D /* EEDetailViewController.m */; };
/* End PBXBuildFile section */

/* Begin PBXFileReference section */
		9E69F280188E84C7005706AD /* libTestFlight.a */ = {isa = PBXFileReference; lastKnownFileType = archive.ar; name = libTestFlight.a; path = Vendors/TestFlightSDK/libTestFlight.a; sourceTree = SOURCE_ROOT; };
		9E69F281188E84C7005706AD /* README.md */ = {isa = PBXFileReference; fileEncoding = 4; lastKnownFileType = text; path = README.md; sourceTree = "<group>"; };
		9E69F282188E84C7005706AD /* release_notes.md */ = {isa = PBXFileReference; fileEncoding = 4; lastKnownFileType = text; path = release_notes.md; sourceTree = "<group>"; };
		9E69F283188E84C7005706AD /* TestFlight+AsyncLogging.h */ = {isa = PBXFileReference; fileEncoding = 4; lastKnownFileType = sourcecode.c.h; path = "TestFlight+AsyncLogging.h"; sourceTree = "<group>"; };
		9E69F284188E84C7005706AD /* TestFlight+ManualSessions.h */ = {isa = PBXFileReference; fileEncoding = 4; lastKnownFileType = sourcecode.c.h; path = "TestFlight+ManualSessions.h"; sourceTree = "<group>"; };
		9E69F285188E84C7005706AD /* TestFlight.h */ = {isa = PBXFileReference; fileEncoding = 4; lastKnownFileType = sourcecode.c.h; path = TestFlight.h; sourceTree = "<group>"; };
		C3F69F0C1889773600D09948 /* Storyboard.storyboard */ = {isa = PBXFileReference; fileEncoding = 4; lastKnownFileType = file.storyboard; path = Storyboard.storyboard; sourceTree = "<group>"; };
		C3F69F0F188988BB00D09948 /* address.png */ = {isa = PBXFileReference; lastKnownFileType = image.png; path = address.png; sourceTree = "<group>"; };
		C3F69F10188988BB00D09948 /* advert.png */ = {isa = PBXFileReference; lastKnownFileType = image.png; path = advert.png; sourceTree = "<group>"; };
		C3F69F11188988BB00D09948 /* battery.png */ = {isa = PBXFileReference; lastKnownFileType = image.png; path = battery.png; sourceTree = "<group>"; };
		C3F69F12188988BB00D09948 /* firm.png */ = {isa = PBXFileReference; lastKnownFileType = image.png; path = firm.png; sourceTree = "<group>"; };
		C3F69F14188988BB00D09948 /* hardware.png */ = {isa = PBXFileReference; lastKnownFileType = image.png; path = hardware.png; sourceTree = "<group>"; };
		C3F69F15188988BB00D09948 /* major.png */ = {isa = PBXFileReference; lastKnownFileType = image.png; path = major.png; sourceTree = "<group>"; };
		C3F69F16188988BB00D09948 /* power.png */ = {isa = PBXFileReference; lastKnownFileType = image.png; path = power.png; sourceTree = "<group>"; };
		C3F69F17188988BB00D09948 /* rssi.png */ = {isa = PBXFileReference; lastKnownFileType = image.png; path = rssi.png; sourceTree = "<group>"; };
		C3F69F23188D319800D09948 /* Default@2x.png */ = {isa = PBXFileReference; lastKnownFileType = image.png; name = "Default@2x.png"; path = "../Default@2x.png"; sourceTree = "<group>"; };
		E10877AB1833D08100ECD3B3 /* EEPowerLevelViewController.h */ = {isa = PBXFileReference; fileEncoding = 4; lastKnownFileType = sourcecode.c.h; path = EEPowerLevelViewController.h; sourceTree = "<group>"; };
		E10877AC1833D08100ECD3B3 /* EEPowerLevelViewController.m */ = {isa = PBXFileReference; fileEncoding = 4; lastKnownFileType = sourcecode.c.objc; path = EEPowerLevelViewController.m; sourceTree = "<group>"; };
		E10877B01833DECE00ECD3B3 /* EEProximityView.h */ = {isa = PBXFileReference; fileEncoding = 4; lastKnownFileType = sourcecode.c.h; path = EEProximityView.h; sourceTree = "<group>"; };
		E10877B11833DECE00ECD3B3 /* EEProximityView.m */ = {isa = PBXFileReference; fileEncoding = 4; lastKnownFileType = sourcecode.c.objc; path = EEProximityView.m; sourceTree = "<group>"; };
		E17C99A018510F0100B0D0F0 /* libEstimoteSDK.a */ = {isa = PBXFileReference; lastKnownFileType = archive.ar; name = libEstimoteSDK.a; path = "Vendors/Estimote/iOS-SDK/EstimoteSDK/libEstimoteSDK.a"; sourceTree = "<group>"; };
		E1F1247918338F2700BE137D /* Estimote Editor.app */ = {isa = PBXFileReference; explicitFileType = wrapper.application; includeInIndex = 0; path = "Estimote Editor.app"; sourceTree = BUILT_PRODUCTS_DIR; };
		E1F1247C18338F2700BE137D /* Foundation.framework */ = {isa = PBXFileReference; lastKnownFileType = wrapper.framework; name = Foundation.framework; path = System/Library/Frameworks/Foundation.framework; sourceTree = SDKROOT; };
		E1F1247E18338F2700BE137D /* CoreGraphics.framework */ = {isa = PBXFileReference; lastKnownFileType = wrapper.framework; name = CoreGraphics.framework; path = System/Library/Frameworks/CoreGraphics.framework; sourceTree = SDKROOT; };
		E1F1248018338F2700BE137D /* UIKit.framework */ = {isa = PBXFileReference; lastKnownFileType = wrapper.framework; name = UIKit.framework; path = System/Library/Frameworks/UIKit.framework; sourceTree = SDKROOT; };
		E1F1248418338F2700BE137D /* Estimote Editor-Info.plist */ = {isa = PBXFileReference; lastKnownFileType = text.plist.xml; name = "Estimote Editor-Info.plist"; path = "Supporting Files/Estimote Editor-Info.plist"; sourceTree = "<group>"; };
		E1F1248618338F2700BE137D /* en */ = {isa = PBXFileReference; lastKnownFileType = text.plist.strings; name = en; path = en.lproj/InfoPlist.strings; sourceTree = "<group>"; };
		E1F1248818338F2700BE137D /* main.m */ = {isa = PBXFileReference; lastKnownFileType = sourcecode.c.objc; name = main.m; path = "Supporting Files/main.m"; sourceTree = "<group>"; };
		E1F1248A18338F2700BE137D /* Estimote Editor-Prefix.pch */ = {isa = PBXFileReference; lastKnownFileType = sourcecode.c.h; name = "Estimote Editor-Prefix.pch"; path = "Supporting Files/Estimote Editor-Prefix.pch"; sourceTree = "<group>"; };
		E1F1248B18338F2700BE137D /* EEAppDelegate.h */ = {isa = PBXFileReference; lastKnownFileType = sourcecode.c.h; path = EEAppDelegate.h; sourceTree = "<group>"; };
		E1F1248C18338F2700BE137D /* EEAppDelegate.m */ = {isa = PBXFileReference; lastKnownFileType = sourcecode.c.objc; path = EEAppDelegate.m; sourceTree = "<group>"; };
		E1F1248E18338F2700BE137D /* Images.xcassets */ = {isa = PBXFileReference; lastKnownFileType = folder.assetcatalog; path = Images.xcassets; sourceTree = "<group>"; };
		E1F1249518338F2700BE137D /* XCTest.framework */ = {isa = PBXFileReference; lastKnownFileType = wrapper.framework; name = XCTest.framework; path = Library/Frameworks/XCTest.framework; sourceTree = DEVELOPER_DIR; };
		E1F124AD18338F6F00BE137D /* EETableViewController.h */ = {isa = PBXFileReference; fileEncoding = 4; lastKnownFileType = sourcecode.c.h; path = EETableViewController.h; sourceTree = "<group>"; };
		E1F124AE18338F6F00BE137D /* EETableViewController.m */ = {isa = PBXFileReference; fileEncoding = 4; lastKnownFileType = sourcecode.c.objc; path = EETableViewController.m; sourceTree = "<group>"; };
		E1F124B81833913300BE137D /* CoreLocation.framework */ = {isa = PBXFileReference; lastKnownFileType = wrapper.framework; name = CoreLocation.framework; path = System/Library/Frameworks/CoreLocation.framework; sourceTree = SDKROOT; };
		E1F124BA1833914100BE137D /* SystemConfiguration.framework */ = {isa = PBXFileReference; lastKnownFileType = wrapper.framework; name = SystemConfiguration.framework; path = System/Library/Frameworks/SystemConfiguration.framework; sourceTree = SDKROOT; };
		E1F124BD183392C600BE137D /* EEDetailViewController.h */ = {isa = PBXFileReference; fileEncoding = 4; lastKnownFileType = sourcecode.c.h; path = EEDetailViewController.h; sourceTree = "<group>"; };
		E1F124BE183392C600BE137D /* EEDetailViewController.m */ = {isa = PBXFileReference; fileEncoding = 4; lastKnownFileType = sourcecode.c.objc; path = EEDetailViewController.m; sourceTree = "<group>"; };
/* End PBXFileReference section */

/* Begin PBXFrameworksBuildPhase section */
		E1F1247618338F2700BE137D /* Frameworks */ = {
			isa = PBXFrameworksBuildPhase;
			buildActionMask = 2147483647;
			files = (
				C3950F6C188EA0A8002D73DD /* libEstimoteSDK.a in Frameworks */,
				C3950F6B188EA0A2002D73DD /* libTestFlight.a in Frameworks */,
				E1F124BB1833914100BE137D /* SystemConfiguration.framework in Frameworks */,
				E1F124B91833913300BE137D /* CoreLocation.framework in Frameworks */,
				E1F1247F18338F2700BE137D /* CoreGraphics.framework in Frameworks */,
				E1F1248118338F2700BE137D /* UIKit.framework in Frameworks */,
				E1F1247D18338F2700BE137D /* Foundation.framework in Frameworks */,
			);
			runOnlyForDeploymentPostprocessing = 0;
		};
/* End PBXFrameworksBuildPhase section */

/* Begin PBXGroup section */
		9E69F27F188E84C7005706AD /* TestFlightSDK */ = {
			isa = PBXGroup;
			children = (
				9E69F280188E84C7005706AD /* libTestFlight.a */,
				9E69F281188E84C7005706AD /* README.md */,
				9E69F282188E84C7005706AD /* release_notes.md */,
				9E69F283188E84C7005706AD /* TestFlight+AsyncLogging.h */,
				9E69F284188E84C7005706AD /* TestFlight+ManualSessions.h */,
				9E69F285188E84C7005706AD /* TestFlight.h */,
			);
			name = TestFlightSDK;
			path = Vendors/TestFlightSDK;
			sourceTree = "<group>";
		};
		C3F69F0E188988BB00D09948 /* Resources */ = {
			isa = PBXGroup;
			children = (
				C3F69F23188D319800D09948 /* Default@2x.png */,
				C3F69F0F188988BB00D09948 /* address.png */,
				C3F69F10188988BB00D09948 /* advert.png */,
				C3F69F11188988BB00D09948 /* battery.png */,
				C3F69F12188988BB00D09948 /* firm.png */,
				C3F69F14188988BB00D09948 /* hardware.png */,
				C3F69F15188988BB00D09948 /* major.png */,
				C3F69F16188988BB00D09948 /* power.png */,
				C3F69F17188988BB00D09948 /* rssi.png */,
			);
			name = Resources;
			path = img_estimote;
			sourceTree = "<group>";
		};
		E10877AA1833D05900ECD3B3 /* EEPowerLevelViewController */ = {
			isa = PBXGroup;
			children = (
				E10877AB1833D08100ECD3B3 /* EEPowerLevelViewController.h */,
				E10877AC1833D08100ECD3B3 /* EEPowerLevelViewController.m */,
			);
			path = EEPowerLevelViewController;
			sourceTree = "<group>";
		};
		E10877AE1833DEB800ECD3B3 /* Views */ = {
			isa = PBXGroup;
			children = (
				E10877AF1833DEB800ECD3B3 /* EEProximityView */,
			);
			path = Views;
			sourceTree = "<group>";
		};
		E10877AF1833DEB800ECD3B3 /* EEProximityView */ = {
			isa = PBXGroup;
			children = (
				E10877B01833DECE00ECD3B3 /* EEProximityView.h */,
				E10877B11833DECE00ECD3B3 /* EEProximityView.m */,
			);
			path = EEProximityView;
			sourceTree = "<group>";
		};
		E1F1247018338F2700BE137D = {
			isa = PBXGroup;
			children = (
				E1F1248218338F2700BE137D /* Estimote Editor */,
				E1F1247B18338F2700BE137D /* Frameworks */,
				E1F1247A18338F2700BE137D /* Products */,
				9E69F27F188E84C7005706AD /* TestFlightSDK */,
			);
			sourceTree = "<group>";
		};
		E1F1247A18338F2700BE137D /* Products */ = {
			isa = PBXGroup;
			children = (
				E1F1247918338F2700BE137D /* Estimote Editor.app */,
			);
			name = Products;
			sourceTree = "<group>";
		};
		E1F1247B18338F2700BE137D /* Frameworks */ = {
			isa = PBXGroup;
			children = (
				E17C99A018510F0100B0D0F0 /* libEstimoteSDK.a */,
				E1F124BA1833914100BE137D /* SystemConfiguration.framework */,
				E1F124B81833913300BE137D /* CoreLocation.framework */,
				E1F1247C18338F2700BE137D /* Foundation.framework */,
				E1F1247E18338F2700BE137D /* CoreGraphics.framework */,
				E1F1248018338F2700BE137D /* UIKit.framework */,
				E1F1249518338F2700BE137D /* XCTest.framework */,
			);
			name = Frameworks;
			sourceTree = "<group>";
		};
		E1F1248218338F2700BE137D /* Estimote Editor */ = {
			isa = PBXGroup;
			children = (
				E10877AE1833DEB800ECD3B3 /* Views */,
				E1F124AB18338F5900BE137D /* ViewControllers */,
				E1F1248B18338F2700BE137D /* EEAppDelegate.h */,
				E1F1248C18338F2700BE137D /* EEAppDelegate.m */,
				E1F1248E18338F2700BE137D /* Images.xcassets */,
				E1F1248318338F2700BE137D /* Supporting Files */,
				C3F69F0E188988BB00D09948 /* Resources */,
			);
			path = "Estimote Editor";
			sourceTree = "<group>";
		};
		E1F1248318338F2700BE137D /* Supporting Files */ = {
			isa = PBXGroup;
			children = (
				E1F1248418338F2700BE137D /* Estimote Editor-Info.plist */,
				E1F1248518338F2700BE137D /* InfoPlist.strings */,
				E1F1248818338F2700BE137D /* main.m */,
				E1F1248A18338F2700BE137D /* Estimote Editor-Prefix.pch */,
			);
			name = "Supporting Files";
			sourceTree = "<group>";
		};
		E1F124AB18338F5900BE137D /* ViewControllers */ = {
			isa = PBXGroup;
			children = (
				C3F69F0C1889773600D09948 /* Storyboard.storyboard */,
				E10877AA1833D05900ECD3B3 /* EEPowerLevelViewController */,
				E1F124BC183392B200BE137D /* EEDetailViewController */,
				E1F124AC18338F5900BE137D /* EETableViewController */,
			);
			path = ViewControllers;
			sourceTree = "<group>";
		};
		E1F124AC18338F5900BE137D /* EETableViewController */ = {
			isa = PBXGroup;
			children = (
				E1F124AD18338F6F00BE137D /* EETableViewController.h */,
				E1F124AE18338F6F00BE137D /* EETableViewController.m */,
			);
			path = EETableViewController;
			sourceTree = "<group>";
		};
		E1F124BC183392B200BE137D /* EEDetailViewController */ = {
			isa = PBXGroup;
			children = (
				E1F124BD183392C600BE137D /* EEDetailViewController.h */,
				E1F124BE183392C600BE137D /* EEDetailViewController.m */,
			);
			path = EEDetailViewController;
			sourceTree = "<group>";
		};
/* End PBXGroup section */

/* Begin PBXNativeTarget section */
		E1F1247818338F2700BE137D /* Estimote Editor */ = {
			isa = PBXNativeTarget;
			buildConfigurationList = E1F124A518338F2700BE137D /* Build configuration list for PBXNativeTarget "Estimote Editor" */;
			buildPhases = (
				E1F1247518338F2700BE137D /* Sources */,
				E1F1247618338F2700BE137D /* Frameworks */,
				E1F1247718338F2700BE137D /* Resources */,
			);
			buildRules = (
			);
			dependencies = (
			);
			name = "Estimote Editor";
			productName = "Estimote Editor";
			productReference = E1F1247918338F2700BE137D /* Estimote Editor.app */;
			productType = "com.apple.product-type.application";
		};
/* End PBXNativeTarget section */

/* Begin PBXProject section */
		E1F1247118338F2700BE137D /* Project object */ = {
			isa = PBXProject;
			attributes = {
				CLASSPREFIX = EE;
				LastUpgradeCheck = 0500;
				ORGANIZATIONNAME = "Yoann Gini";
			};
			buildConfigurationList = E1F1247418338F2700BE137D /* Build configuration list for PBXProject "Estimote Editor" */;
			compatibilityVersion = "Xcode 3.2";
			developmentRegion = English;
			hasScannedForEncodings = 0;
			knownRegions = (
				en,
				Base,
			);
			mainGroup = E1F1247018338F2700BE137D;
			productRefGroup = E1F1247A18338F2700BE137D /* Products */;
			projectDirPath = "";
			projectRoot = "";
			targets = (
				E1F1247818338F2700BE137D /* Estimote Editor */,
			);
		};
/* End PBXProject section */

/* Begin PBXResourcesBuildPhase section */
		E1F1247718338F2700BE137D /* Resources */ = {
			isa = PBXResourcesBuildPhase;
			buildActionMask = 2147483647;
			files = (
				C3F69F18188988BB00D09948 /* address.png in Resources */,
				C3F69F1E188988BB00D09948 /* major.png in Resources */,
				C3F69F1A188988BB00D09948 /* battery.png in Resources */,
				C3F69F1F188988BB00D09948 /* power.png in Resources */,
				9E69F288188E84C7005706AD /* release_notes.md in Resources */,
				9E69F287188E84C7005706AD /* README.md in Resources */,
				C3F69F24188D319800D09948 /* Default@2x.png in Resources */,
				E1F1248718338F2700BE137D /* InfoPlist.strings in Resources */,
				E1F1248F18338F2700BE137D /* Images.xcassets in Resources */,
				C3F69F1D188988BB00D09948 /* hardware.png in Resources */,
				C3F69F20188988BB00D09948 /* rssi.png in Resources */,
				C3F69F1B188988BB00D09948 /* firm.png in Resources */,
				C3F69F0D1889773600D09948 /* Storyboard.storyboard in Resources */,
				C3F69F19188988BB00D09948 /* advert.png in Resources */,
			);
			runOnlyForDeploymentPostprocessing = 0;
		};
/* End PBXResourcesBuildPhase section */

/* Begin PBXSourcesBuildPhase section */
		E1F1247518338F2700BE137D /* Sources */ = {
			isa = PBXSourcesBuildPhase;
			buildActionMask = 2147483647;
			files = (
				E10877B21833DECE00ECD3B3 /* EEProximityView.m in Sources */,
				E10877AD1833D08100ECD3B3 /* EEPowerLevelViewController.m in Sources */,
				E1F1248D18338F2700BE137D /* EEAppDelegate.m in Sources */,
				E1F124AF18338F6F00BE137D /* EETableViewController.m in Sources */,
				E1F1248918338F2700BE137D /* main.m in Sources */,
				E1F124C0183392C600BE137D /* EEDetailViewController.m in Sources */,
			);
			runOnlyForDeploymentPostprocessing = 0;
		};
/* End PBXSourcesBuildPhase section */

/* Begin PBXVariantGroup section */
		E1F1248518338F2700BE137D /* InfoPlist.strings */ = {
			isa = PBXVariantGroup;
			children = (
				E1F1248618338F2700BE137D /* en */,
			);
			name = InfoPlist.strings;
			path = "Supporting Files";
			sourceTree = "<group>";
		};
/* End PBXVariantGroup section */

/* Begin XCBuildConfiguration section */
		E1F124A318338F2700BE137D /* Debug */ = {
			isa = XCBuildConfiguration;
			buildSettings = {
				ALWAYS_SEARCH_USER_PATHS = NO;
				ARCHS = "$(ARCHS_STANDARD_INCLUDING_64_BIT)";
				CLANG_CXX_LANGUAGE_STANDARD = "gnu++0x";
				CLANG_CXX_LIBRARY = "libc++";
				CLANG_ENABLE_MODULES = YES;
				CLANG_ENABLE_OBJC_ARC = YES;
				CLANG_WARN_BOOL_CONVERSION = YES;
				CLANG_WARN_CONSTANT_CONVERSION = YES;
				CLANG_WARN_DIRECT_OBJC_ISA_USAGE = YES_ERROR;
				CLANG_WARN_EMPTY_BODY = YES;
				CLANG_WARN_ENUM_CONVERSION = YES;
				CLANG_WARN_INT_CONVERSION = YES;
				CLANG_WARN_OBJC_ROOT_CLASS = YES_ERROR;
				CLANG_WARN__DUPLICATE_METHOD_MATCH = YES;
				"CODE_SIGN_IDENTITY[sdk=iphoneos*]" = "iPhone Developer";
				COPY_PHASE_STRIP = NO;
				GCC_C_LANGUAGE_STANDARD = gnu99;
				GCC_DYNAMIC_NO_PIC = NO;
				GCC_OPTIMIZATION_LEVEL = 0;
				GCC_PREPROCESSOR_DEFINITIONS = (
					"DEBUG=1",
					"$(inherited)",
				);
				GCC_SYMBOLS_PRIVATE_EXTERN = NO;
				GCC_WARN_64_TO_32_BIT_CONVERSION = YES;
				GCC_WARN_ABOUT_RETURN_TYPE = YES_ERROR;
				GCC_WARN_UNDECLARED_SELECTOR = YES;
				GCC_WARN_UNINITIALIZED_AUTOS = YES;
				GCC_WARN_UNUSED_FUNCTION = YES;
				GCC_WARN_UNUSED_VARIABLE = YES;
				IPHONEOS_DEPLOYMENT_TARGET = 7.0;
				ONLY_ACTIVE_ARCH = YES;
				SDKROOT = iphoneos;
			};
			name = Debug;
		};
		E1F124A418338F2700BE137D /* Release */ = {
			isa = XCBuildConfiguration;
			buildSettings = {
				ALWAYS_SEARCH_USER_PATHS = NO;
				ARCHS = "$(ARCHS_STANDARD_INCLUDING_64_BIT)";
				CLANG_CXX_LANGUAGE_STANDARD = "gnu++0x";
				CLANG_CXX_LIBRARY = "libc++";
				CLANG_ENABLE_MODULES = YES;
				CLANG_ENABLE_OBJC_ARC = YES;
				CLANG_WARN_BOOL_CONVERSION = YES;
				CLANG_WARN_CONSTANT_CONVERSION = YES;
				CLANG_WARN_DIRECT_OBJC_ISA_USAGE = YES_ERROR;
				CLANG_WARN_EMPTY_BODY = YES;
				CLANG_WARN_ENUM_CONVERSION = YES;
				CLANG_WARN_INT_CONVERSION = YES;
				CLANG_WARN_OBJC_ROOT_CLASS = YES_ERROR;
				CLANG_WARN__DUPLICATE_METHOD_MATCH = YES;
				"CODE_SIGN_IDENTITY[sdk=iphoneos*]" = "iPhone Developer";
				COPY_PHASE_STRIP = YES;
				ENABLE_NS_ASSERTIONS = NO;
				GCC_C_LANGUAGE_STANDARD = gnu99;
				GCC_WARN_64_TO_32_BIT_CONVERSION = YES;
				GCC_WARN_ABOUT_RETURN_TYPE = YES_ERROR;
				GCC_WARN_UNDECLARED_SELECTOR = YES;
				GCC_WARN_UNINITIALIZED_AUTOS = YES;
				GCC_WARN_UNUSED_FUNCTION = YES;
				GCC_WARN_UNUSED_VARIABLE = YES;
				IPHONEOS_DEPLOYMENT_TARGET = 7.0;
				SDKROOT = iphoneos;
				VALIDATE_PRODUCT = YES;
			};
			name = Release;
		};
		E1F124A618338F2700BE137D /* Debug */ = {
			isa = XCBuildConfiguration;
			buildSettings = {
				ASSETCATALOG_COMPILER_APPICON_NAME = AppIcon;
				ASSETCATALOG_COMPILER_LAUNCHIMAGE_NAME = LaunchImage;
				GCC_PRECOMPILE_PREFIX_HEADER = YES;
				GCC_PREFIX_HEADER = "Estimote Editor/Supporting Files/Estimote Editor-Prefix.pch";
				HEADER_SEARCH_PATHS = (
					"$(inherited)",
					/Applications/Xcode.app/Contents/Developer/Toolchains/XcodeDefault.xctoolchain/usr/include,
					"$(SRCROOT)/Vendors/Estimote/iOS-SDK/EstimoteSDK/**",
				);
				INFOPLIST_FILE = "Estimote Editor/Supporting Files/Estimote Editor-Info.plist";
				IPHONEOS_DEPLOYMENT_TARGET = 7.0;
				LIBRARY_SEARCH_PATHS = (
					"$(inherited)",
					"$(SRCROOT)/Vendors/Estimote/iOS-SDK/EstimoteSDK/**",
					"$(SRCROOT)/Vendors/TestFlightSDK",
					/Users/npetremann/Documents/GIT/ESTIMOTE_EDITOR/EstimoteEditor/Vendors/TestFlightSDK,
					"/Users/npetremann/Documents/GIT/ESTIMOTE_EDITOR/EstimoteEditor/Vendors/Estimote/iOS-SDK/EstimoteSDK",
				);
				PRODUCT_NAME = "$(TARGET_NAME)";
				TARGETED_DEVICE_FAMILY = "1,2";
				WRAPPER_EXTENSION = app;
			};
			name = Debug;
		};
		E1F124A718338F2700BE137D /* Release */ = {
			isa = XCBuildConfiguration;
			buildSettings = {
				ASSETCATALOG_COMPILER_APPICON_NAME = AppIcon;
				ASSETCATALOG_COMPILER_LAUNCHIMAGE_NAME = LaunchImage;
				GCC_PRECOMPILE_PREFIX_HEADER = YES;
				GCC_PREFIX_HEADER = "Estimote Editor/Supporting Files/Estimote Editor-Prefix.pch";
				HEADER_SEARCH_PATHS = (
					"$(inherited)",
					/Applications/Xcode.app/Contents/Developer/Toolchains/XcodeDefault.xctoolchain/usr/include,
					"$(SRCROOT)/Vendors/Estimote/iOS-SDK/EstimoteSDK/**",
				);
				INFOPLIST_FILE = "Estimote Editor/Supporting Files/Estimote Editor-Info.plist";
				IPHONEOS_DEPLOYMENT_TARGET = 7.0;
				LIBRARY_SEARCH_PATHS = (
					"$(inherited)",
					"$(SRCROOT)/Vendors/Estimote/iOS-SDK/EstimoteSDK/**",
					"$(SRCROOT)/Vendors/TestFlightSDK",
					/Users/npetremann/Documents/GIT/ESTIMOTE_EDITOR/EstimoteEditor/Vendors/TestFlightSDK,
					"/Users/npetremann/Documents/GIT/ESTIMOTE_EDITOR/EstimoteEditor/Vendors/Estimote/iOS-SDK/EstimoteSDK",
				);
				PRODUCT_NAME = "$(TARGET_NAME)";
				TARGETED_DEVICE_FAMILY = "1,2";
				WRAPPER_EXTENSION = app;
			};
			name = Release;
		};
/* End XCBuildConfiguration section */

/* Begin XCConfigurationList section */
		E1F1247418338F2700BE137D /* Build configuration list for PBXProject "Estimote Editor" */ = {
			isa = XCConfigurationList;
			buildConfigurations = (
				E1F124A318338F2700BE137D /* Debug */,
				E1F124A418338F2700BE137D /* Release */,
			);
			defaultConfigurationIsVisible = 0;
			defaultConfigurationName = Release;
		};
		E1F124A518338F2700BE137D /* Build configuration list for PBXNativeTarget "Estimote Editor" */ = {
			isa = XCConfigurationList;
			buildConfigurations = (
				E1F124A618338F2700BE137D /* Debug */,
				E1F124A718338F2700BE137D /* Release */,
			);
			defaultConfigurationIsVisible = 0;
			defaultConfigurationName = Release;
		};
/* End XCConfigurationList section */
	};
	rootObject = E1F1247118338F2700BE137D /* Project object */;
}
